{
  "name": "commode",
  "version": "1.0.13",
  "lockfileVersion": 1,
  "requires": true,
  "dependencies": {
    "natural-compare": {
      "version": "1.4.0",
      "resolved": "https://registry.npmjs.org/natural-compare/-/natural-compare-1.4.0.tgz",
      "integrity": "sha1-Sr6/7tdUHywnrPspvbvRXI1bpPc="
    },
    "natural-sort-by-key": {
      "version": "1.0.1",
      "resolved": "https://registry.npmjs.org/natural-sort-by-key/-/natural-sort-by-key-1.0.1.tgz",
      "integrity": "sha512-dwV1Yv/3NPZlWexNaT6h+x4toOt6WDKgruhYEJnXAQSZQ7wQ9dKhkTYtP1MlaT7Lxw6NEUbxgnMcDAlXkFMbvQ==",
      "requires": {
        "natural-compare": "1.4.0"
      }
    }
  }
}
