{
  "name": "commode",
  "version": "1.4.0",
  "lockfileVersion": 2,
  "requires": true,
  "packages": {
    "": {
      "version": "1.4.0",
      "license": "ISC",
      "dependencies": {
        "natural-sort-by-key": "^1.1.0"
      }
    },
    "node_modules/natural-compare": {
      "version": "1.4.0",
      "resolved": "https://registry.npmjs.org/natural-compare/-/natural-compare-1.4.0.tgz",
      "integrity": "sha512-OWND8ei3VtNC9h7V60qff3SVobHr996CTwgxubgyQYEpg290h9J0buyECNNJexkFm5sOajh5G116RYA1c8ZMSw=="
    },
    "node_modules/natural-sort-by-key": {
      "version": "1.1.1",
      "resolved": "https://registry.npmjs.org/natural-sort-by-key/-/natural-sort-by-key-1.1.1.tgz",
      "integrity": "sha512-1Q4zRcFT3iKVKmuYV8eWnsYKvolW4zJE3x2fcuzrE6wWM2FwfOBq6Z2xgnw6ihPfCLPgBQzN+yFqgaF+JC7qnQ==",
      "dependencies": {
        "natural-compare": "^1.4.0"
      }
    }
  },
  "dependencies": {
    "natural-compare": {
      "version": "1.4.0",
      "resolved": "https://registry.npmjs.org/natural-compare/-/natural-compare-1.4.0.tgz",
      "integrity": "sha512-OWND8ei3VtNC9h7V60qff3SVobHr996CTwgxubgyQYEpg290h9J0buyECNNJexkFm5sOajh5G116RYA1c8ZMSw=="
    },
    "natural-sort-by-key": {
      "version": "1.1.1",
      "resolved": "https://registry.npmjs.org/natural-sort-by-key/-/natural-sort-by-key-1.1.1.tgz",
      "integrity": "sha512-1Q4zRcFT3iKVKmuYV8eWnsYKvolW4zJE3x2fcuzrE6wWM2FwfOBq6Z2xgnw6ihPfCLPgBQzN+yFqgaF+JC7qnQ==",
      "requires": {
        "natural-compare": "^1.4.0"
      }
    }
  }
}
